
Microsoft Visual Studio Solution File, Format Version 12.00
# Visual Studio Version 16
VisualStudioVersion = 16.0.30907.101
MinimumVisualStudioVersion = 10.0.40219.1
Project("{9A19103F-16F7-4668-BE54-9A1E7A4F7556}") = "CompositePattern", "CompositePattern\CompositePattern.csproj", "{8FAEF3BE-12F5-4D61-9AFC-9FD61016BDF2}"
EndProject
Project("{9A19103F-16F7-4668-BE54-9A1E7A4F7556}") = "AdapterPattern", "AdapterPattern\AdapterPattern.csproj", "{9E67E5BD-192D-4D53-AFCC-B85A13DCBEF8}"
EndProject
Project("{2150E333-8FDC-42A3-9474-1A3956D46DE8}") = "Creational", "Creational", "{D8AB49AB-C3D5-40FC-8D28-3AA74BEE2122}"
EndProject
Project("{2150E333-8FDC-42A3-9474-1A3956D46DE8}") = "Structural", "Structural", "{35FAED88-6405-4D4E-9B11-1973FD5257BF}"
EndProject
Project("{FAE04EC0-301F-11D3-BF4B-00C04F79EFBC}") = "FactoryPattern", "FactoryPattern\FactoryPattern.csproj", "{08FE92CB-70FB-45F6-BD2B-9BCF1678CC23}"
EndProject
Project("{FAE04EC0-301F-11D3-BF4B-00C04F79EFBC}") = "BuilderPattern", "Builder\BuilderPattern.csproj", "{E381AC44-363D-4AA7-A2A5-E47806DA3914}"
EndProject
Project("{FAE04EC0-301F-11D3-BF4B-00C04F79EFBC}") = "PrototypePattern", "PrototypePattern\PrototypePattern.csproj", "{08B57232-23B6-4F6C-92FA-CA81594EF30F}"
EndProject
Project("{FAE04EC0-301F-11D3-BF4B-00C04F79EFBC}") = "SingletonPattern", "SingletonPattern\SingletonPattern.csproj", "{0501E7F8-F8D1-49B2-AE31-9802E8C6FD32}"
EndProject
Project("{FAE04EC0-301F-11D3-BF4B-00C04F79EFBC}") = "SingletonPattern.RealWorld", "SingletonPattern.RealWorld\SingletonPattern.RealWorld.csproj", "{76174FBD-83AA-4DED-8A1D-581699D9C6D1}"
EndProject
Project("{FAE04EC0-301F-11D3-BF4B-00C04F79EFBC}") = "AdapterPattern.RealWorld", "AdapterPattern.RealWorld\AdapterPattern.RealWorld.csproj", "{F8F77EB7-5CAA-4164-85F8-E791F80296C8}"
EndProject
Project("{FAE04EC0-301F-11D3-BF4B-00C04F79EFBC}") = "CompositePattern.RealWorld", "CompositePattern.RealWorld\CompositePattern.RealWorld.csproj", "{9F0EF9C9-BEE6-43C3-B5C8-4FDE80D68266}"
EndProject
Project("{FAE04EC0-301F-11D3-BF4B-00C04F79EFBC}") = "DecoratorPattern", "DecoratorPattern\DecoratorPattern.csproj", "{3D7331F9-33D8-42A1-A937-A810D2FFBE4C}"
EndProject
Project("{FAE04EC0-301F-11D3-BF4B-00C04F79EFBC}") = "DecoratorPattern.RealTime", "DecoratorPattern.RealTime\DecoratorPattern.RealTime.csproj", "{9F7650E3-B8FD-4BD6-90BF-992E6D8ABB59}"
EndProject
Project("{2150E333-8FDC-42A3-9474-1A3956D46DE8}") = "Behavior", "Behavior", "{F004C63B-616D-4629-A810-47D5407AFCE6}"
EndProject
Project("{FAE04EC0-301F-11D3-BF4B-00C04F79EFBC}") = "ObserverPattern", "ObserverPattern\ObserverPattern.csproj", "{F83DC901-B97A-49D9-94EB-320401314843}"
EndProject
Project("{FAE04EC0-301F-11D3-BF4B-00C04F79EFBC}") = "StrategyPattern", "StrategyPattern\StrategyPattern.csproj", "{54366A3D-31B2-433F-926B-B789DEB240B6}"
EndProject
Project("{FAE04EC0-301F-11D3-BF4B-00C04F79EFBC}") = "StatePattern", "StatePattern\StatePattern.csproj", "{1B309032-0B09-4333-8754-32A7164126F2}"
EndProject
Global
	GlobalSection(SolutionConfigurationPlatforms) = preSolution
		Debug|Any CPU = Debug|Any CPU
		Release|Any CPU = Release|Any CPU
	EndGlobalSection
	GlobalSection(ProjectConfigurationPlatforms) = postSolution
		{8FAEF3BE-12F5-4D61-9AFC-9FD61016BDF2}.Debug|Any CPU.ActiveCfg = Debug|Any CPU
		{8FAEF3BE-12F5-4D61-9AFC-9FD61016BDF2}.Debug|Any CPU.Build.0 = Debug|Any CPU
		{8FAEF3BE-12F5-4D61-9AFC-9FD61016BDF2}.Release|Any CPU.ActiveCfg = Release|Any CPU
		{8FAEF3BE-12F5-4D61-9AFC-9FD61016BDF2}.Release|Any CPU.Build.0 = Release|Any CPU
		{9E67E5BD-192D-4D53-AFCC-B85A13DCBEF8}.Debug|Any CPU.ActiveCfg = Debug|Any CPU
		{9E67E5BD-192D-4D53-AFCC-B85A13DCBEF8}.Debug|Any CPU.Build.0 = Debug|Any CPU
		{9E67E5BD-192D-4D53-AFCC-B85A13DCBEF8}.Release|Any CPU.ActiveCfg = Release|Any CPU
		{9E67E5BD-192D-4D53-AFCC-B85A13DCBEF8}.Release|Any CPU.Build.0 = Release|Any CPU
		{08FE92CB-70FB-45F6-BD2B-9BCF1678CC23}.Debug|Any CPU.ActiveCfg = Debug|Any CPU
		{08FE92CB-70FB-45F6-BD2B-9BCF1678CC23}.Debug|Any CPU.Build.0 = Debug|Any CPU
		{08FE92CB-70FB-45F6-BD2B-9BCF1678CC23}.Release|Any CPU.ActiveCfg = Release|Any CPU
		{08FE92CB-70FB-45F6-BD2B-9BCF1678CC23}.Release|Any CPU.Build.0 = Release|Any CPU
		{E381AC44-363D-4AA7-A2A5-E47806DA3914}.Debug|Any CPU.ActiveCfg = Debug|Any CPU
		{E381AC44-363D-4AA7-A2A5-E47806DA3914}.Debug|Any CPU.Build.0 = Debug|Any CPU
		{E381AC44-363D-4AA7-A2A5-E47806DA3914}.Release|Any CPU.ActiveCfg = Release|Any CPU
		{E381AC44-363D-4AA7-A2A5-E47806DA3914}.Release|Any CPU.Build.0 = Release|Any CPU
		{08B57232-23B6-4F6C-92FA-CA81594EF30F}.Debug|Any CPU.ActiveCfg = Debug|Any CPU
		{08B57232-23B6-4F6C-92FA-CA81594EF30F}.Debug|Any CPU.Build.0 = Debug|Any CPU
		{08B57232-23B6-4F6C-92FA-CA81594EF30F}.Release|Any CPU.ActiveCfg = Release|Any CPU
		{08B57232-23B6-4F6C-92FA-CA81594EF30F}.Release|Any CPU.Build.0 = Release|Any CPU
		{0501E7F8-F8D1-49B2-AE31-9802E8C6FD32}.Debug|Any CPU.ActiveCfg = Debug|Any CPU
		{0501E7F8-F8D1-49B2-AE31-9802E8C6FD32}.Debug|Any CPU.Build.0 = Debug|Any CPU
		{0501E7F8-F8D1-49B2-AE31-9802E8C6FD32}.Release|Any CPU.ActiveCfg = Release|Any CPU
		{0501E7F8-F8D1-49B2-AE31-9802E8C6FD32}.Release|Any CPU.Build.0 = Release|Any CPU
		{76174FBD-83AA-4DED-8A1D-581699D9C6D1}.Debug|Any CPU.ActiveCfg = Debug|Any CPU
		{76174FBD-83AA-4DED-8A1D-581699D9C6D1}.Debug|Any CPU.Build.0 = Debug|Any CPU
		{76174FBD-83AA-4DED-8A1D-581699D9C6D1}.Release|Any CPU.ActiveCfg = Release|Any CPU
		{76174FBD-83AA-4DED-8A1D-581699D9C6D1}.Release|Any CPU.Build.0 = Release|Any CPU
		{F8F77EB7-5CAA-4164-85F8-E791F80296C8}.Debug|Any CPU.ActiveCfg = Debug|Any CPU
		{F8F77EB7-5CAA-4164-85F8-E791F80296C8}.Debug|Any CPU.Build.0 = Debug|Any CPU
		{F8F77EB7-5CAA-4164-85F8-E791F80296C8}.Release|Any CPU.ActiveCfg = Release|Any CPU
		{F8F77EB7-5CAA-4164-85F8-E791F80296C8}.Release|Any CPU.Build.0 = Release|Any CPU
		{9F0EF9C9-BEE6-43C3-B5C8-4FDE80D68266}.Debug|Any CPU.ActiveCfg = Debug|Any CPU
		{9F0EF9C9-BEE6-43C3-B5C8-4FDE80D68266}.Debug|Any CPU.Build.0 = Debug|Any CPU
		{9F0EF9C9-BEE6-43C3-B5C8-4FDE80D68266}.Release|Any CPU.ActiveCfg = Release|Any CPU
		{9F0EF9C9-BEE6-43C3-B5C8-4FDE80D68266}.Release|Any CPU.Build.0 = Release|Any CPU
		{3D7331F9-33D8-42A1-A937-A810D2FFBE4C}.Debug|Any CPU.ActiveCfg = Debug|Any CPU
		{3D7331F9-33D8-42A1-A937-A810D2FFBE4C}.Debug|Any CPU.Build.0 = Debug|Any CPU
		{3D7331F9-33D8-42A1-A937-A810D2FFBE4C}.Release|Any CPU.ActiveCfg = Release|Any CPU
		{3D7331F9-33D8-42A1-A937-A810D2FFBE4C}.Release|Any CPU.Build.0 = Release|Any CPU
		{9F7650E3-B8FD-4BD6-90BF-992E6D8ABB59}.Debug|Any CPU.ActiveCfg = Debug|Any CPU
		{9F7650E3-B8FD-4BD6-90BF-992E6D8ABB59}.Debug|Any CPU.Build.0 = Debug|Any CPU
		{9F7650E3-B8FD-4BD6-90BF-992E6D8ABB59}.Release|Any CPU.ActiveCfg = Release|Any CPU
		{9F7650E3-B8FD-4BD6-90BF-992E6D8ABB59}.Release|Any CPU.Build.0 = Release|Any CPU
		{F83DC901-B97A-49D9-94EB-320401314843}.Debug|Any CPU.ActiveCfg = Debug|Any CPU
		{F83DC901-B97A-49D9-94EB-320401314843}.Debug|Any CPU.Build.0 = Debug|Any CPU
		{F83DC901-B97A-49D9-94EB-320401314843}.Release|Any CPU.ActiveCfg = Release|Any CPU
		{F83DC901-B97A-49D9-94EB-320401314843}.Release|Any CPU.Build.0 = Release|Any CPU
		{54366A3D-31B2-433F-926B-B789DEB240B6}.Debug|Any CPU.ActiveCfg = Debug|Any CPU
		{54366A3D-31B2-433F-926B-B789DEB240B6}.Debug|Any CPU.Build.0 = Debug|Any CPU
		{54366A3D-31B2-433F-926B-B789DEB240B6}.Release|Any CPU.ActiveCfg = Release|Any CPU
		{54366A3D-31B2-433F-926B-B789DEB240B6}.Release|Any CPU.Build.0 = Release|Any CPU
		{1B309032-0B09-4333-8754-32A7164126F2}.Debug|Any CPU.ActiveCfg = Debug|Any CPU
		{1B309032-0B09-4333-8754-32A7164126F2}.Debug|Any CPU.Build.0 = Debug|Any CPU
		{1B309032-0B09-4333-8754-32A7164126F2}.Release|Any CPU.ActiveCfg = Release|Any CPU
		{1B309032-0B09-4333-8754-32A7164126F2}.Release|Any CPU.Build.0 = Release|Any CPU
	EndGlobalSection
	GlobalSection(SolutionProperties) = preSolution
		HideSolutionNode = FALSE
	EndGlobalSection
	GlobalSection(NestedProjects) = preSolution
		{8FAEF3BE-12F5-4D61-9AFC-9FD61016BDF2} = {35FAED88-6405-4D4E-9B11-1973FD5257BF}
		{9E67E5BD-192D-4D53-AFCC-B85A13DCBEF8} = {35FAED88-6405-4D4E-9B11-1973FD5257BF}
		{08FE92CB-70FB-45F6-BD2B-9BCF1678CC23} = {D8AB49AB-C3D5-40FC-8D28-3AA74BEE2122}
		{E381AC44-363D-4AA7-A2A5-E47806DA3914} = {D8AB49AB-C3D5-40FC-8D28-3AA74BEE2122}
		{08B57232-23B6-4F6C-92FA-CA81594EF30F} = {D8AB49AB-C3D5-40FC-8D28-3AA74BEE2122}
		{0501E7F8-F8D1-49B2-AE31-9802E8C6FD32} = {D8AB49AB-C3D5-40FC-8D28-3AA74BEE2122}
		{76174FBD-83AA-4DED-8A1D-581699D9C6D1} = {D8AB49AB-C3D5-40FC-8D28-3AA74BEE2122}
		{F8F77EB7-5CAA-4164-85F8-E791F80296C8} = {35FAED88-6405-4D4E-9B11-1973FD5257BF}
		{9F0EF9C9-BEE6-43C3-B5C8-4FDE80D68266} = {35FAED88-6405-4D4E-9B11-1973FD5257BF}
		{3D7331F9-33D8-42A1-A937-A810D2FFBE4C} = {35FAED88-6405-4D4E-9B11-1973FD5257BF}
		{9F7650E3-B8FD-4BD6-90BF-992E6D8ABB59} = {35FAED88-6405-4D4E-9B11-1973FD5257BF}
		{F83DC901-B97A-49D9-94EB-320401314843} = {F004C63B-616D-4629-A810-47D5407AFCE6}
		{54366A3D-31B2-433F-926B-B789DEB240B6} = {F004C63B-616D-4629-A810-47D5407AFCE6}
		{1B309032-0B09-4333-8754-32A7164126F2} = {F004C63B-616D-4629-A810-47D5407AFCE6}
	EndGlobalSection
	GlobalSection(ExtensibilityGlobals) = postSolution
		SolutionGuid = {C35777EA-4A6D-498E-B755-9B151D69D799}
	EndGlobalSection
EndGlobal
